// !$*UTF8*$!
{
	archiveVersion = 1;
	classes = {
	};
	objectVersion = 48;
	objects = {

/* Begin PBXBuildFile section */
		1EC527C5F3B3BE5FF4C25304 /* Pods_CryptoExchange.framework in Frameworks */ = {isa = PBXBuildFile; fileRef = AA81BC018452D2172E348194 /* Pods_CryptoExchange.framework */; };
		350C817B20367CB2002A3297 /* CoinExchangeRequest.swift in Sources */ = {isa = PBXBuildFile; fileRef = 350C817A20367CB2002A3297 /* CoinExchangeRequest.swift */; };
		350C817D2036924B002A3297 /* CoinGraphRequest.swift in Sources */ = {isa = PBXBuildFile; fileRef = 350C817C2036924B002A3297 /* CoinGraphRequest.swift */; };
		35295E9820413BCC003B0D5D /* InfoPopViewRequest.swift in Sources */ = {isa = PBXBuildFile; fileRef = 35295E9720413BCC003B0D5D /* InfoPopViewRequest.swift */; };
		3545FD9C203FDE300051693D /* InfoPopViewController.swift in Sources */ = {isa = PBXBuildFile; fileRef = 3545FD9B203FDE300051693D /* InfoPopViewController.swift */; };
		35847ADF2037E97D00233ED1 /* CryptoGraphView.swift in Sources */ = {isa = PBXBuildFile; fileRef = 35847ADE2037E97D00233ED1 /* CryptoGraphView.swift */; };
		35847AE32038D4D400233ED1 /* ExchangeCacheRequest.swift in Sources */ = {isa = PBXBuildFile; fileRef = 35847AE22038D4D400233ED1 /* ExchangeCacheRequest.swift */; };
		35847AE52038D81000233ED1 /* ExchangeRateCache.swift in Sources */ = {isa = PBXBuildFile; fileRef = 35847AE42038D81000233ED1 /* ExchangeRateCache.swift */; };
		35897D8120316C14005C1F88 /* AppDelegate.swift in Sources */ = {isa = PBXBuildFile; fileRef = 35897D8020316C14005C1F88 /* AppDelegate.swift */; };
		35897D8320316C14005C1F88 /* ViewController.swift in Sources */ = {isa = PBXBuildFile; fileRef = 35897D8220316C14005C1F88 /* ViewController.swift */; };
		35897D8620316C14005C1F88 /* Main.storyboard in Resources */ = {isa = PBXBuildFile; fileRef = 35897D8420316C14005C1F88 /* Main.storyboard */; };
		35897D8920316C14005C1F88 /* CryptoExchange.xcdatamodeld in Sources */ = {isa = PBXBuildFile; fileRef = 35897D8720316C14005C1F88 /* CryptoExchange.xcdatamodeld */; };
		35897D8B20316C14005C1F88 /* Assets.xcassets in Resources */ = {isa = PBXBuildFile; fileRef = 35897D8A20316C14005C1F88 /* Assets.xcassets */; };
		35897D8E20316C14005C1F88 /* LaunchScreen.storyboard in Resources */ = {isa = PBXBuildFile; fileRef = 35897D8C20316C14005C1F88 /* LaunchScreen.storyboard */; };
		35C02F452033EB6900C668DC /* Utility.swift in Sources */ = {isa = PBXBuildFile; fileRef = 35C02F442033EB6900C668DC /* Utility.swift */; };
		35F0C63E203D101100999D3D /* GraphDataCache.swift in Sources */ = {isa = PBXBuildFile; fileRef = 35F0C63D203D101100999D3D /* GraphDataCache.swift */; };
/* End PBXBuildFile section */

/* Begin PBXFileReference section */
		350C817A20367CB2002A3297 /* CoinExchangeRequest.swift */ = {isa = PBXFileReference; lastKnownFileType = sourcecode.swift; path = CoinExchangeRequest.swift; sourceTree = "<group>"; };
		350C817C2036924B002A3297 /* CoinGraphRequest.swift */ = {isa = PBXFileReference; lastKnownFileType = sourcecode.swift; path = CoinGraphRequest.swift; sourceTree = "<group>"; };
		35295E9720413BCC003B0D5D /* InfoPopViewRequest.swift */ = {isa = PBXFileReference; lastKnownFileType = sourcecode.swift; path = InfoPopViewRequest.swift; sourceTree = "<group>"; };
		3545FD9B203FDE300051693D /* InfoPopViewController.swift */ = {isa = PBXFileReference; lastKnownFileType = sourcecode.swift; path = InfoPopViewController.swift; sourceTree = "<group>"; };
		35847ADE2037E97D00233ED1 /* CryptoGraphView.swift */ = {isa = PBXFileReference; lastKnownFileType = sourcecode.swift; path = CryptoGraphView.swift; sourceTree = "<group>"; };
		35847AE22038D4D400233ED1 /* ExchangeCacheRequest.swift */ = {isa = PBXFileReference; lastKnownFileType = sourcecode.swift; path = ExchangeCacheRequest.swift; sourceTree = "<group>"; };
		35847AE42038D81000233ED1 /* ExchangeRateCache.swift */ = {isa = PBXFileReference; lastKnownFileType = sourcecode.swift; path = ExchangeRateCache.swift; sourceTree = "<group>"; };
		35897D7D20316C14005C1F88 /* CryptoExchange.app */ = {isa = PBXFileReference; explicitFileType = wrapper.application; includeInIndex = 0; path = CryptoExchange.app; sourceTree = BUILT_PRODUCTS_DIR; };
		35897D8020316C14005C1F88 /* AppDelegate.swift */ = {isa = PBXFileReference; lastKnownFileType = sourcecode.swift; path = AppDelegate.swift; sourceTree = "<group>"; };
		35897D8220316C14005C1F88 /* ViewController.swift */ = {isa = PBXFileReference; lastKnownFileType = sourcecode.swift; path = ViewController.swift; sourceTree = "<group>"; };
		35897D8520316C14005C1F88 /* Base */ = {isa = PBXFileReference; lastKnownFileType = file.storyboard; name = Base; path = Base.lproj/Main.storyboard; sourceTree = "<group>"; };
		35897D8820316C14005C1F88 /* CryptoExchange.xcdatamodel */ = {isa = PBXFileReference; lastKnownFileType = wrapper.xcdatamodel; path = CryptoExchange.xcdatamodel; sourceTree = "<group>"; };
		35897D8A20316C14005C1F88 /* Assets.xcassets */ = {isa = PBXFileReference; lastKnownFileType = folder.assetcatalog; path = Assets.xcassets; sourceTree = "<group>"; };
		35897D8D20316C14005C1F88 /* Base */ = {isa = PBXFileReference; lastKnownFileType = file.storyboard; name = Base; path = Base.lproj/LaunchScreen.storyboard; sourceTree = "<group>"; };
		35897D8F20316C14005C1F88 /* Info.plist */ = {isa = PBXFileReference; lastKnownFileType = text.plist.xml; path = Info.plist; sourceTree = "<group>"; };
		35C02F442033EB6900C668DC /* Utility.swift */ = {isa = PBXFileReference; lastKnownFileType = sourcecode.swift; path = Utility.swift; sourceTree = "<group>"; };
		35F0C63D203D101100999D3D /* GraphDataCache.swift */ = {isa = PBXFileReference; lastKnownFileType = sourcecode.swift; path = GraphDataCache.swift; sourceTree = "<group>"; };
		861C08EEEF4ED92B14D07EFF /* Pods-CryptoExchange.debug.xcconfig */ = {isa = PBXFileReference; includeInIndex = 1; lastKnownFileType = text.xcconfig; name = "Pods-CryptoExchange.debug.xcconfig"; path = "Pods/Target Support Files/Pods-CryptoExchange/Pods-CryptoExchange.debug.xcconfig"; sourceTree = "<group>"; };
		AA81BC018452D2172E348194 /* Pods_CryptoExchange.framework */ = {isa = PBXFileReference; explicitFileType = wrapper.framework; includeInIndex = 0; path = Pods_CryptoExchange.framework; sourceTree = BUILT_PRODUCTS_DIR; };
		DA2FC9826B66886514AE66D8 /* Pods-CryptoExchange.release.xcconfig */ = {isa = PBXFileReference; includeInIndex = 1; lastKnownFileType = text.xcconfig; name = "Pods-CryptoExchange.release.xcconfig"; path = "Pods/Target Support Files/Pods-CryptoExchange/Pods-CryptoExchange.release.xcconfig"; sourceTree = "<group>"; };
/* End PBXFileReference section */

/* Begin PBXFrameworksBuildPhase section */
		35897D7A20316C14005C1F88 /* Frameworks */ = {
			isa = PBXFrameworksBuildPhase;
			buildActionMask = 2147483647;
			files = (
				1EC527C5F3B3BE5FF4C25304 /* Pods_CryptoExchange.framework in Frameworks */,
			);
			runOnlyForDeploymentPostprocessing = 0;
		};
/* End PBXFrameworksBuildPhase section */

/* Begin PBXGroup section */
		350C817820367957002A3297 /* Controller */ = {
			isa = PBXGroup;
			children = (
				35897D8220316C14005C1F88 /* ViewController.swift */,
				3545FD9B203FDE300051693D /* InfoPopViewController.swift */,
			);
			path = Controller;
			sourceTree = "<group>";
		};
		350C81792036798C002A3297 /* Model */ = {
			isa = PBXGroup;
			children = (
				350C817C2036924B002A3297 /* CoinGraphRequest.swift */,
				35C02F442033EB6900C668DC /* Utility.swift */,
				350C817A20367CB2002A3297 /* CoinExchangeRequest.swift */,
				35847AE22038D4D400233ED1 /* ExchangeCacheRequest.swift */,
				35847AE42038D81000233ED1 /* ExchangeRateCache.swift */,
				35F0C63D203D101100999D3D /* GraphDataCache.swift */,
				35295E9720413BCC003B0D5D /* InfoPopViewRequest.swift */,
			);
			path = Model;
			sourceTree = "<group>";
		};
		350C817E20369309002A3297 /* UI */ = {
			isa = PBXGroup;
			children = (
				35897D8C20316C14005C1F88 /* LaunchScreen.storyboard */,
				35897D8420316C14005C1F88 /* Main.storyboard */,
			);
			path = UI;
			sourceTree = "<group>";
		};
		35847ADD2037E96400233ED1 /* View */ = {
			isa = PBXGroup;
			children = (
				35847ADE2037E97D00233ED1 /* CryptoGraphView.swift */,
			);
			path = View;
			sourceTree = "<group>";
		};
		35897D7420316C14005C1F88 = {
			isa = PBXGroup;
			children = (
				35897D7F20316C14005C1F88 /* CryptoExchange */,
				35897D7E20316C14005C1F88 /* Products */,
				5C9D399FC2D9AF2EB342F16C /* Pods */,
				C32A4B3A261E02B03E5E93D9 /* Frameworks */,
			);
			sourceTree = "<group>";
		};
		35897D7E20316C14005C1F88 /* Products */ = {
			isa = PBXGroup;
			children = (
				35897D7D20316C14005C1F88 /* CryptoExchange.app */,
			);
			name = Products;
			sourceTree = "<group>";
		};
		35897D7F20316C14005C1F88 /* CryptoExchange */ = {
			isa = PBXGroup;
			children = (
				350C817E20369309002A3297 /* UI */,
				350C81792036798C002A3297 /* Model */,
				35847ADD2037E96400233ED1 /* View */,
				350C817820367957002A3297 /* Controller */,
				35897D8A20316C14005C1F88 /* Assets.xcassets */,
				35897D8F20316C14005C1F88 /* Info.plist */,
				35897D8720316C14005C1F88 /* CryptoExchange.xcdatamodeld */,
				35897D8020316C14005C1F88 /* AppDelegate.swift */,
			);
			path = CryptoExchange;
			sourceTree = "<group>";
		};
		5C9D399FC2D9AF2EB342F16C /* Pods */ = {
			isa = PBXGroup;
			children = (
				861C08EEEF4ED92B14D07EFF /* Pods-CryptoExchange.debug.xcconfig */,
				DA2FC9826B66886514AE66D8 /* Pods-CryptoExchange.release.xcconfig */,
			);
			name = Pods;
			sourceTree = "<group>";
		};
		C32A4B3A261E02B03E5E93D9 /* Frameworks */ = {
			isa = PBXGroup;
			children = (
				AA81BC018452D2172E348194 /* Pods_CryptoExchange.framework */,
			);
			name = Frameworks;
			sourceTree = "<group>";
		};
/* End PBXGroup section */

/* Begin PBXNativeTarget section */
		35897D7C20316C14005C1F88 /* CryptoExchange */ = {
			isa = PBXNativeTarget;
			buildConfigurationList = 35897D9220316C14005C1F88 /* Build configuration list for PBXNativeTarget "CryptoExchange" */;
			buildPhases = (
				47322ADC3214728CD1B4B914 /* [CP] Check Pods Manifest.lock */,
				35897D7920316C14005C1F88 /* Sources */,
				35897D7A20316C14005C1F88 /* Frameworks */,
				35897D7B20316C14005C1F88 /* Resources */,
				8DA99EF69B8DE8098C197654 /* [CP] Embed Pods Frameworks */,
				55367BBAD6BF9AA94C17FACD /* [CP] Copy Pods Resources */,
			);
			buildRules = (
			);
			dependencies = (
			);
			name = CryptoExchange;
			productName = CryptoExchange;
			productReference = 35897D7D20316C14005C1F88 /* CryptoExchange.app */;
			productType = "com.apple.product-type.application";
		};
/* End PBXNativeTarget section */

/* Begin PBXProject section */
		35897D7520316C14005C1F88 /* Project object */ = {
			isa = PBXProject;
			attributes = {
				LastSwiftUpdateCheck = 0920;
				LastUpgradeCheck = 0920;
				ORGANIZATIONNAME = "James Yoo";
				TargetAttributes = {
					35897D7C20316C14005C1F88 = {
						CreatedOnToolsVersion = 9.2;
						ProvisioningStyle = Automatic;
					};
				};
			};
			buildConfigurationList = 35897D7820316C14005C1F88 /* Build configuration list for PBXProject "CryptoExchange" */;
			compatibilityVersion = "Xcode 8.0";
			developmentRegion = en;
			hasScannedForEncodings = 0;
			knownRegions = (
				en,
				Base,
			);
			mainGroup = 35897D7420316C14005C1F88;
			productRefGroup = 35897D7E20316C14005C1F88 /* Products */;
			projectDirPath = "";
			projectRoot = "";
			targets = (
				35897D7C20316C14005C1F88 /* CryptoExchange */,
			);
		};
/* End PBXProject section */

/* Begin PBXResourcesBuildPhase section */
		35897D7B20316C14005C1F88 /* Resources */ = {
			isa = PBXResourcesBuildPhase;
			buildActionMask = 2147483647;
			files = (
				35897D8E20316C14005C1F88 /* LaunchScreen.storyboard in Resources */,
				35897D8B20316C14005C1F88 /* Assets.xcassets in Resources */,
				35897D8620316C14005C1F88 /* Main.storyboard in Resources */,
			);
			runOnlyForDeploymentPostprocessing = 0;
		};
/* End PBXResourcesBuildPhase section */

/* Begin PBXShellScriptBuildPhase section */
		47322ADC3214728CD1B4B914 /* [CP] Check Pods Manifest.lock */ = {
			isa = PBXShellScriptBuildPhase;
			buildActionMask = 2147483647;
			files = (
			);
			inputPaths = (
				"${PODS_PODFILE_DIR_PATH}/Podfile.lock",
				"${PODS_ROOT}/Manifest.lock",
			);
			name = "[CP] Check Pods Manifest.lock";
			outputPaths = (
				"$(DERIVED_FILE_DIR)/Pods-CryptoExchange-checkManifestLockResult.txt",
			);
			runOnlyForDeploymentPostprocessing = 0;
			shellPath = /bin/sh;
			shellScript = "diff \"${PODS_PODFILE_DIR_PATH}/Podfile.lock\" \"${PODS_ROOT}/Manifest.lock\" > /dev/null\nif [ $? != 0 ] ; then\n    # print error to STDERR\n    echo \"error: The sandbox is not in sync with the Podfile.lock. Run 'pod install' or update your CocoaPods installation.\" >&2\n    exit 1\nfi\n# This output is used by Xcode 'outputs' to avoid re-running this script phase.\necho \"SUCCESS\" > \"${SCRIPT_OUTPUT_FILE_0}\"\n";
			showEnvVarsInLog = 0;
		};
		55367BBAD6BF9AA94C17FACD /* [CP] Copy Pods Resources */ = {
			isa = PBXShellScriptBuildPhase;
			buildActionMask = 2147483647;
			files = (
			);
			inputPaths = (
			);
			name = "[CP] Copy Pods Resources";
			outputPaths = (
			);
			runOnlyForDeploymentPostprocessing = 0;
			shellPath = /bin/sh;
			shellScript = "\"${SRCROOT}/Pods/Target Support Files/Pods-CryptoExchange/Pods-CryptoExchange-resources.sh\"\n";
			showEnvVarsInLog = 0;
		};
		8DA99EF69B8DE8098C197654 /* [CP] Embed Pods Frameworks */ = {
			isa = PBXShellScriptBuildPhase;
			buildActionMask = 2147483647;
			files = (
			);
			inputPaths = (
				"${SRCROOT}/Pods/Target Support Files/Pods-CryptoExchange/Pods-CryptoExchange-frameworks.sh",
				"${BUILT_PRODUCTS_DIR}/Charts/Charts.framework",
			);
			name = "[CP] Embed Pods Frameworks";
			outputPaths = (
				"${TARGET_BUILD_DIR}/${FRAMEWORKS_FOLDER_PATH}/Charts.framework",
			);
			runOnlyForDeploymentPostprocessing = 0;
			shellPath = /bin/sh;
			shellScript = "\"${SRCROOT}/Pods/Target Support Files/Pods-CryptoExchange/Pods-CryptoExchange-frameworks.sh\"\n";
			showEnvVarsInLog = 0;
		};
/* End PBXShellScriptBuildPhase section */

/* Begin PBXSourcesBuildPhase section */
		35897D7920316C14005C1F88 /* Sources */ = {
			isa = PBXSourcesBuildPhase;
			buildActionMask = 2147483647;
			files = (
				35C02F452033EB6900C668DC /* Utility.swift in Sources */,
				35897D8920316C14005C1F88 /* CryptoExchange.xcdatamodeld in Sources */,
				35847AE32038D4D400233ED1 /* ExchangeCacheRequest.swift in Sources */,
				3545FD9C203FDE300051693D /* InfoPopViewController.swift in Sources */,
				35897D8320316C14005C1F88 /* ViewController.swift in Sources */,
				35847AE52038D81000233ED1 /* ExchangeRateCache.swift in Sources */,
				35295E9820413BCC003B0D5D /* InfoPopViewRequest.swift in Sources */,
				350C817B20367CB2002A3297 /* CoinExchangeRequest.swift in Sources */,
				35847ADF2037E97D00233ED1 /* CryptoGraphView.swift in Sources */,
				35F0C63E203D101100999D3D /* GraphDataCache.swift in Sources */,
				350C817D2036924B002A3297 /* CoinGraphRequest.swift in Sources */,
				35897D8120316C14005C1F88 /* AppDelegate.swift in Sources */,
			);
			runOnlyForDeploymentPostprocessing = 0;
		};
/* End PBXSourcesBuildPhase section */

/* Begin PBXVariantGroup section */
		35897D8420316C14005C1F88 /* Main.storyboard */ = {
			isa = PBXVariantGroup;
			children = (
				35897D8520316C14005C1F88 /* Base */,
			);
			name = Main.storyboard;
			sourceTree = "<group>";
		};
		35897D8C20316C14005C1F88 /* LaunchScreen.storyboard */ = {
			isa = PBXVariantGroup;
			children = (
				35897D8D20316C14005C1F88 /* Base */,
			);
			name = LaunchScreen.storyboard;
			sourceTree = "<group>";
		};
/* End PBXVariantGroup section */

/* Begin XCBuildConfiguration section */
		35897D9020316C14005C1F88 /* Debug */ = {
			isa = XCBuildConfiguration;
			buildSettings = {
				ALWAYS_SEARCH_USER_PATHS = NO;
				CLANG_ANALYZER_NONNULL = YES;
				CLANG_ANALYZER_NUMBER_OBJECT_CONVERSION = YES_AGGRESSIVE;
				CLANG_CXX_LANGUAGE_STANDARD = "gnu++14";
				CLANG_CXX_LIBRARY = "libc++";
				CLANG_ENABLE_MODULES = YES;
				CLANG_ENABLE_OBJC_ARC = YES;
				CLANG_WARN_BLOCK_CAPTURE_AUTORELEASING = YES;
				CLANG_WARN_BOOL_CONVERSION = YES;
				CLANG_WARN_COMMA = YES;
				CLANG_WARN_CONSTANT_CONVERSION = YES;
				CLANG_WARN_DIRECT_OBJC_ISA_USAGE = YES_ERROR;
				CLANG_WARN_DOCUMENTATION_COMMENTS = YES;
				CLANG_WARN_EMPTY_BODY = YES;
				CLANG_WARN_ENUM_CONVERSION = YES;
				CLANG_WARN_INFINITE_RECURSION = YES;
				CLANG_WARN_INT_CONVERSION = YES;
				CLANG_WARN_NON_LITERAL_NULL_CONVERSION = YES;
				CLANG_WARN_OBJC_LITERAL_CONVERSION = YES;
				CLANG_WARN_OBJC_ROOT_CLASS = YES_ERROR;
				CLANG_WARN_RANGE_LOOP_ANALYSIS = YES;
				CLANG_WARN_STRICT_PROTOTYPES = YES;
				CLANG_WARN_SUSPICIOUS_MOVE = YES;
				CLANG_WARN_UNGUARDED_AVAILABILITY = YES_AGGRESSIVE;
				CLANG_WARN_UNREACHABLE_CODE = YES;
				CLANG_WARN__DUPLICATE_METHOD_MATCH = YES;
				CODE_SIGN_IDENTITY = "iPhone Developer";
				COPY_PHASE_STRIP = NO;
				DEBUG_INFORMATION_FORMAT = dwarf;
				ENABLE_STRICT_OBJC_MSGSEND = YES;
				ENABLE_TESTABILITY = YES;
				GCC_C_LANGUAGE_STANDARD = gnu11;
				GCC_DYNAMIC_NO_PIC = NO;
				GCC_NO_COMMON_BLOCKS = YES;
				GCC_OPTIMIZATION_LEVEL = 0;
				GCC_PREPROCESSOR_DEFINITIONS = (
					"DEBUG=1",
					"$(inherited)",
				);
				GCC_WARN_64_TO_32_BIT_CONVERSION = YES;
				GCC_WARN_ABOUT_RETURN_TYPE = YES_ERROR;
				GCC_WARN_UNDECLARED_SELECTOR = YES;
				GCC_WARN_UNINITIALIZED_AUTOS = YES_AGGRESSIVE;
				GCC_WARN_UNUSED_FUNCTION = YES;
				GCC_WARN_UNUSED_VARIABLE = YES;
				IPHONEOS_DEPLOYMENT_TARGET = 11.2;
				MTL_ENABLE_DEBUG_INFO = YES;
				ONLY_ACTIVE_ARCH = YES;
				SDKROOT = iphoneos;
				SWIFT_ACTIVE_COMPILATION_CONDITIONS = DEBUG;
				SWIFT_OPTIMIZATION_LEVEL = "-Onone";
			};
			name = Debug;
		};
		35897D9120316C14005C1F88 /* Release */ = {
			isa = XCBuildConfiguration;
			buildSettings = {
				ALWAYS_SEARCH_USER_PATHS = NO;
				CLANG_ANALYZER_NONNULL = YES;
				CLANG_ANALYZER_NUMBER_OBJECT_CONVERSION = YES_AGGRESSIVE;
				CLANG_CXX_LANGUAGE_STANDARD = "gnu++14";
				CLANG_CXX_LIBRARY = "libc++";
				CLANG_ENABLE_MODULES = YES;
				CLANG_ENABLE_OBJC_ARC = YES;
				CLANG_WARN_BLOCK_CAPTURE_AUTORELEASING = YES;
				CLANG_WARN_BOOL_CONVERSION = YES;
				CLANG_WARN_COMMA = YES;
				CLANG_WARN_CONSTANT_CONVERSION = YES;
				CLANG_WARN_DIRECT_OBJC_ISA_USAGE = YES_ERROR;
				CLANG_WARN_DOCUMENTATION_COMMENTS = YES;
				CLANG_WARN_EMPTY_BODY = YES;
				CLANG_WARN_ENUM_CONVERSION = YES;
				CLANG_WARN_INFINITE_RECURSION = YES;
				CLANG_WARN_INT_CONVERSION = YES;
				CLANG_WARN_NON_LITERAL_NULL_CONVERSION = YES;
				CLANG_WARN_OBJC_LITERAL_CONVERSION = YES;
				CLANG_WARN_OBJC_ROOT_CLASS = YES_ERROR;
				CLANG_WARN_RANGE_LOOP_ANALYSIS = YES;
				CLANG_WARN_STRICT_PROTOTYPES = YES;
				CLANG_WARN_SUSPICIOUS_MOVE = YES;
				CLANG_WARN_UNGUARDED_AVAILABILITY = YES_AGGRESSIVE;
				CLANG_WARN_UNREACHABLE_CODE = YES;
				CLANG_WARN__DUPLICATE_METHOD_MATCH = YES;
				CODE_SIGN_IDENTITY = "iPhone Developer";
				COPY_PHASE_STRIP = NO;
				DEBUG_INFORMATION_FORMAT = "dwarf-with-dsym";
				ENABLE_NS_ASSERTIONS = NO;
				ENABLE_STRICT_OBJC_MSGSEND = YES;
				GCC_C_LANGUAGE_STANDARD = gnu11;
				GCC_NO_COMMON_BLOCKS = YES;
				GCC_WARN_64_TO_32_BIT_CONVERSION = YES;
				GCC_WARN_ABOUT_RETURN_TYPE = YES_ERROR;
				GCC_WARN_UNDECLARED_SELECTOR = YES;
				GCC_WARN_UNINITIALIZED_AUTOS = YES_AGGRESSIVE;
				GCC_WARN_UNUSED_FUNCTION = YES;
				GCC_WARN_UNUSED_VARIABLE = YES;
				IPHONEOS_DEPLOYMENT_TARGET = 11.2;
				MTL_ENABLE_DEBUG_INFO = NO;
				SDKROOT = iphoneos;
				SWIFT_OPTIMIZATION_LEVEL = "-Owholemodule";
				VALIDATE_PRODUCT = YES;
			};
			name = Release;
		};
		35897D9320316C14005C1F88 /* Debug */ = {
			isa = XCBuildConfiguration;
			baseConfigurationReference = 861C08EEEF4ED92B14D07EFF /* Pods-CryptoExchange.debug.xcconfig */;
			buildSettings = {
				ASSETCATALOG_COMPILER_APPICON_NAME = AppIcon;
				CODE_SIGN_STYLE = Automatic;
				DEVELOPMENT_TEAM = RLBKVJ4EN8;
				INFOPLIST_FILE = CryptoExchange/Info.plist;
				IPHONEOS_DEPLOYMENT_TARGET = 11.1;
				LD_RUNPATH_SEARCH_PATHS = "$(inherited) @executable_path/Frameworks";
				PRODUCT_BUNDLE_IDENTIFIER = com.example.CryptoExchange;
				PRODUCT_NAME = "$(TARGET_NAME)";
				SDKROOT = iphoneos;
				SWIFT_VERSION = 4.0;
				TARGETED_DEVICE_FAMILY = "1,2";
			};
			name = Debug;
		};
		35897D9420316C14005C1F88 /* Release */ = {
			isa = XCBuildConfiguration;
			baseConfigurationReference = DA2FC9826B66886514AE66D8 /* Pods-CryptoExchange.release.xcconfig */;
			buildSettings = {
				ASSETCATALOG_COMPILER_APPICON_NAME = AppIcon;
				CODE_SIGN_STYLE = Automatic;
				DEVELOPMENT_TEAM = RLBKVJ4EN8;
				INFOPLIST_FILE = CryptoExchange/Info.plist;
				IPHONEOS_DEPLOYMENT_TARGET = 11.1;
				LD_RUNPATH_SEARCH_PATHS = "$(inherited) @executable_path/Frameworks";
				PRODUCT_BUNDLE_IDENTIFIER = com.example.CryptoExchange;
				PRODUCT_NAME = "$(TARGET_NAME)";
				SDKROOT = iphoneos;
				SWIFT_VERSION = 4.0;
				TARGETED_DEVICE_FAMILY = "1,2";
			};
			name = Release;
		};
/* End XCBuildConfiguration section */

/* Begin XCConfigurationList section */
		35897D7820316C14005C1F88 /* Build configuration list for PBXProject "CryptoExchange" */ = {
			isa = XCConfigurationList;
			buildConfigurations = (
				35897D9020316C14005C1F88 /* Debug */,
				35897D9120316C14005C1F88 /* Release */,
			);
			defaultConfigurationIsVisible = 0;
			defaultConfigurationName = Release;
		};
		35897D9220316C14005C1F88 /* Build configuration list for PBXNativeTarget "CryptoExchange" */ = {
			isa = XCConfigurationList;
			buildConfigurations = (
				35897D9320316C14005C1F88 /* Debug */,
				35897D9420316C14005C1F88 /* Release */,
			);
			defaultConfigurationIsVisible = 0;
			defaultConfigurationName = Release;
		};
/* End XCConfigurationList section */

/* Begin XCVersionGroup section */
		35897D8720316C14005C1F88 /* CryptoExchange.xcdatamodeld */ = {
			isa = XCVersionGroup;
			children = (
				35897D8820316C14005C1F88 /* CryptoExchange.xcdatamodel */,
			);
			currentVersion = 35897D8820316C14005C1F88 /* CryptoExchange.xcdatamodel */;
			path = CryptoExchange.xcdatamodeld;
			sourceTree = "<group>";
			versionGroupType = wrapper.xcdatamodel;
		};
/* End XCVersionGroup section */
	};
	rootObject = 35897D7520316C14005C1F88 /* Project object */;
}
